// !$*UTF8*$!
{
	archiveVersion = 1;
	classes = {
	};
	objectVersion = 56;
	objects = {

/* Begin PBXBuildFile section */
		33CB079C2A52D3F60089078A /* AppDelegate.swift in Sources */ = {isa = PBXBuildFile; fileRef = 33CB079B2A52D3F60089078A /* AppDelegate.swift */; };
		33CB079E2A52D3F60089078A /* SceneDelegate.swift in Sources */ = {isa = PBXBuildFile; fileRef = 33CB079D2A52D3F60089078A /* SceneDelegate.swift */; };
		33CB07A02A52D3F60089078A /* FilmXpressMoviesViewController.swift in Sources */ = {isa = PBXBuildFile; fileRef = 33CB079F2A52D3F60089078A /* FilmXpressMoviesViewController.swift */; };
		33CB07A32A52D3F70089078A /* Main.storyboard in Resources */ = {isa = PBXBuildFile; fileRef = 33CB07A12A52D3F70089078A /* Main.storyboard */; };
		33CB07A52A52D3F80089078A /* Assets.xcassets in Resources */ = {isa = PBXBuildFile; fileRef = 33CB07A42A52D3F80089078A /* Assets.xcassets */; };
		33CB07A82A52D3F80089078A /* LaunchScreen.storyboard in Resources */ = {isa = PBXBuildFile; fileRef = 33CB07A62A52D3F80089078A /* LaunchScreen.storyboard */; };
		33CB07B52A531F880089078A /* MovieCardTableViewCell.swift in Sources */ = {isa = PBXBuildFile; fileRef = 33CB07B32A531F880089078A /* MovieCardTableViewCell.swift */; };
		33CB07B62A531F880089078A /* MovieCardTableViewCell.xib in Resources */ = {isa = PBXBuildFile; fileRef = 33CB07B42A531F880089078A /* MovieCardTableViewCell.xib */; };
/* End PBXBuildFile section */

/* Begin PBXFileReference section */
		33CB07982A52D3F60089078A /* FilmXpress.app */ = {isa = PBXFileReference; explicitFileType = wrapper.application; includeInIndex = 0; path = FilmXpress.app; sourceTree = BUILT_PRODUCTS_DIR; };
		33CB079B2A52D3F60089078A /* AppDelegate.swift */ = {isa = PBXFileReference; lastKnownFileType = sourcecode.swift; path = AppDelegate.swift; sourceTree = "<group>"; };
		33CB079D2A52D3F60089078A /* SceneDelegate.swift */ = {isa = PBXFileReference; lastKnownFileType = sourcecode.swift; path = SceneDelegate.swift; sourceTree = "<group>"; };
		33CB079F2A52D3F60089078A /* FilmXpressMoviesViewController.swift */ = {isa = PBXFileReference; lastKnownFileType = sourcecode.swift; path = FilmXpressMoviesViewController.swift; sourceTree = "<group>"; };
		33CB07A22A52D3F70089078A /* Base */ = {isa = PBXFileReference; lastKnownFileType = file.storyboard; name = Base; path = Base.lproj/Main.storyboard; sourceTree = "<group>"; };
		33CB07A42A52D3F80089078A /* Assets.xcassets */ = {isa = PBXFileReference; lastKnownFileType = folder.assetcatalog; path = Assets.xcassets; sourceTree = "<group>"; };
		33CB07A72A52D3F80089078A /* Base */ = {isa = PBXFileReference; lastKnownFileType = file.storyboard; name = Base; path = Base.lproj/LaunchScreen.storyboard; sourceTree = "<group>"; };
		33CB07A92A52D3F80089078A /* Info.plist */ = {isa = PBXFileReference; lastKnownFileType = text.plist.xml; path = Info.plist; sourceTree = "<group>"; };
		33CB07B32A531F880089078A /* MovieCardTableViewCell.swift */ = {isa = PBXFileReference; lastKnownFileType = sourcecode.swift; path = MovieCardTableViewCell.swift; sourceTree = "<group>"; };
		33CB07B42A531F880089078A /* MovieCardTableViewCell.xib */ = {isa = PBXFileReference; lastKnownFileType = file.xib; path = MovieCardTableViewCell.xib; sourceTree = "<group>"; };
/* End PBXFileReference section */

/* Begin PBXFrameworksBuildPhase section */
		33CB07952A52D3F60089078A /* Frameworks */ = {
			isa = PBXFrameworksBuildPhase;
			buildActionMask = 2147483647;
			files = (
			);
			runOnlyForDeploymentPostprocessing = 0;
		};
/* End PBXFrameworksBuildPhase section */

/* Begin PBXGroup section */
		33CB078F2A52D3F60089078A = {
			isa = PBXGroup;
			children = (
				33CB079A2A52D3F60089078A /* FilmXpress */,
				33CB07992A52D3F60089078A /* Products */,
			);
			sourceTree = "<group>";
		};
		33CB07992A52D3F60089078A /* Products */ = {
			isa = PBXGroup;
			children = (
				33CB07982A52D3F60089078A /* FilmXpress.app */,
			);
			name = Products;
			sourceTree = "<group>";
		};
		33CB079A2A52D3F60089078A /* FilmXpress */ = {
			isa = PBXGroup;
			children = (
				33CB07B12A52D5070089078A /* View Models */,
				33CB07B02A52D4FB0089078A /* Models */,
				33CB07AF2A52D4EA0089078A /* Views */,
				33CB07B22A52D5160089078A /* Veiw Controllers */,
				33CB079B2A52D3F60089078A /* AppDelegate.swift */,
				33CB079D2A52D3F60089078A /* SceneDelegate.swift */,
				33CB07A12A52D3F70089078A /* Main.storyboard */,
				33CB07A42A52D3F80089078A /* Assets.xcassets */,
				33CB07A62A52D3F80089078A /* LaunchScreen.storyboard */,
				33CB07A92A52D3F80089078A /* Info.plist */,
			);
			path = FilmXpress;
			sourceTree = "<group>";
		};
		33CB07AF2A52D4EA0089078A /* Views */ = {
			isa = PBXGroup;
			children = (
				33CB07B32A531F880089078A /* MovieCardTableViewCell.swift */,
				33CB07B42A531F880089078A /* MovieCardTableViewCell.xib */,
			);
			path = Views;
			sourceTree = "<group>";
		};
		33CB07B02A52D4FB0089078A /* Models */ = {
			isa = PBXGroup;
			children = (
			);
			path = Models;
			sourceTree = "<group>";
		};
		33CB07B12A52D5070089078A /* View Models */ = {
			isa = PBXGroup;
			children = (
			);
			path = "View Models";
			sourceTree = "<group>";
		};
		33CB07B22A52D5160089078A /* Veiw Controllers */ = {
			isa = PBXGroup;
			children = (
				33CB079F2A52D3F60089078A /* FilmXpressMoviesViewController.swift */,
			);
			path = "Veiw Controllers";
			sourceTree = "<group>";
		};
/* End PBXGroup section */

/* Begin PBXNativeTarget section */
		33CB07972A52D3F60089078A /* FilmXpress */ = {
			isa = PBXNativeTarget;
			buildConfigurationList = 33CB07AC2A52D3F80089078A /* Build configuration list for PBXNativeTarget "FilmXpress" */;
			buildPhases = (
				33CB07942A52D3F60089078A /* Sources */,
				33CB07952A52D3F60089078A /* Frameworks */,
				33CB07962A52D3F60089078A /* Resources */,
			);
			buildRules = (
			);
			dependencies = (
			);
			name = FilmXpress;
			productName = FilmXpress;
			productReference = 33CB07982A52D3F60089078A /* FilmXpress.app */;
			productType = "com.apple.product-type.application";
		};
/* End PBXNativeTarget section */

/* Begin PBXProject section */
		33CB07902A52D3F60089078A /* Project object */ = {
			isa = PBXProject;
			attributes = {
				BuildIndependentTargetsInParallel = 1;
				LastSwiftUpdateCheck = 1420;
				LastUpgradeCheck = 1420;
				TargetAttributes = {
					33CB07972A52D3F60089078A = {
						CreatedOnToolsVersion = 14.2;
					};
				};
			};
			buildConfigurationList = 33CB07932A52D3F60089078A /* Build configuration list for PBXProject "FilmXpress" */;
			compatibilityVersion = "Xcode 14.0";
			developmentRegion = en;
			hasScannedForEncodings = 0;
			knownRegions = (
				en,
				Base,
			);
			mainGroup = 33CB078F2A52D3F60089078A;
			productRefGroup = 33CB07992A52D3F60089078A /* Products */;
			projectDirPath = "";
			projectRoot = "";
			targets = (
				33CB07972A52D3F60089078A /* FilmXpress */,
			);
		};
/* End PBXProject section */

/* Begin PBXResourcesBuildPhase section */
		33CB07962A52D3F60089078A /* Resources */ = {
			isa = PBXResourcesBuildPhase;
			buildActionMask = 2147483647;
			files = (
				33CB07B62A531F880089078A /* MovieCardTableViewCell.xib in Resources */,
				33CB07A82A52D3F80089078A /* LaunchScreen.storyboard in Resources */,
				33CB07A52A52D3F80089078A /* Assets.xcassets in Resources */,
				33CB07A32A52D3F70089078A /* Main.storyboard in Resources */,
			);
			runOnlyForDeploymentPostprocessing = 0;
		};
/* End PBXResourcesBuildPhase section */

/* Begin PBXSourcesBuildPhase section */
		33CB07942A52D3F60089078A /* Sources */ = {
			isa = PBXSourcesBuildPhase;
			buildActionMask = 2147483647;
			files = (
				33CB07B52A531F880089078A /* MovieCardTableViewCell.swift in Sources */,
				33CB07A02A52D3F60089078A /* FilmXpressMoviesViewController.swift in Sources */,
				33CB079C2A52D3F60089078A /* AppDelegate.swift in Sources */,
				33CB079E2A52D3F60089078A /* SceneDelegate.swift in Sources */,
			);
			runOnlyForDeploymentPostprocessing = 0;
		};
/* End PBXSourcesBuildPhase section */

/* Begin PBXVariantGroup section */
		33CB07A12A52D3F70089078A /* Main.storyboard */ = {
			isa = PBXVariantGroup;
			children = (
				33CB07A22A52D3F70089078A /* Base */,
			);
			name = Main.storyboard;
			sourceTree = "<group>";
		};
		33CB07A62A52D3F80089078A /* LaunchScreen.storyboard */ = {
			isa = PBXVariantGroup;
			children = (
				33CB07A72A52D3F80089078A /* Base */,
			);
			name = LaunchScreen.storyboard;
			sourceTree = "<group>";
		};
/* End PBXVariantGroup section */

/* Begin XCBuildConfiguration section */
		33CB07AA2A52D3F80089078A /* Debug */ = {
			isa = XCBuildConfiguration;
			buildSettings = {
				ALWAYS_SEARCH_USER_PATHS = NO;
				CLANG_ANALYZER_NONNULL = YES;
				CLANG_ANALYZER_NUMBER_OBJECT_CONVERSION = YES_AGGRESSIVE;
				CLANG_CXX_LANGUAGE_STANDARD = "gnu++20";
				CLANG_ENABLE_MODULES = YES;
				CLANG_ENABLE_OBJC_ARC = YES;
				CLANG_ENABLE_OBJC_WEAK = YES;
				CLANG_WARN_BLOCK_CAPTURE_AUTORELEASING = YES;
				CLANG_WARN_BOOL_CONVERSION = YES;
				CLANG_WARN_COMMA = YES;
				CLANG_WARN_CONSTANT_CONVERSION = YES;
				CLANG_WARN_DEPRECATED_OBJC_IMPLEMENTATIONS = YES;
				CLANG_WARN_DIRECT_OBJC_ISA_USAGE = YES_ERROR;
				CLANG_WARN_DOCUMENTATION_COMMENTS = YES;
				CLANG_WARN_EMPTY_BODY = YES;
				CLANG_WARN_ENUM_CONVERSION = YES;
				CLANG_WARN_INFINITE_RECURSION = YES;
				CLANG_WARN_INT_CONVERSION = YES;
				CLANG_WARN_NON_LITERAL_NULL_CONVERSION = YES;
				CLANG_WARN_OBJC_IMPLICIT_RETAIN_SELF = YES;
				CLANG_WARN_OBJC_LITERAL_CONVERSION = YES;
				CLANG_WARN_OBJC_ROOT_CLASS = YES_ERROR;
				CLANG_WARN_QUOTED_INCLUDE_IN_FRAMEWORK_HEADER = YES;
				CLANG_WARN_RANGE_LOOP_ANALYSIS = YES;
				CLANG_WARN_STRICT_PROTOTYPES = YES;
				CLANG_WARN_SUSPICIOUS_MOVE = YES;
				CLANG_WARN_UNGUARDED_AVAILABILITY = YES_AGGRESSIVE;
				CLANG_WARN_UNREACHABLE_CODE = YES;
				CLANG_WARN__DUPLICATE_METHOD_MATCH = YES;
				COPY_PHASE_STRIP = NO;
				DEBUG_INFORMATION_FORMAT = dwarf;
				ENABLE_STRICT_OBJC_MSGSEND = YES;
				ENABLE_TESTABILITY = YES;
				GCC_C_LANGUAGE_STANDARD = gnu11;
				GCC_DYNAMIC_NO_PIC = NO;
				GCC_NO_COMMON_BLOCKS = YES;
				GCC_OPTIMIZATION_LEVEL = 0;
				GCC_PREPROCESSOR_DEFINITIONS = (
					"DEBUG=1",
					"$(inherited)",
				);
				GCC_WARN_64_TO_32_BIT_CONVERSION = YES;
				GCC_WARN_ABOUT_RETURN_TYPE = YES_ERROR;
				GCC_WARN_UNDECLARED_SELECTOR = YES;
				GCC_WARN_UNINITIALIZED_AUTOS = YES_AGGRESSIVE;
				GCC_WARN_UNUSED_FUNCTION = YES;
				GCC_WARN_UNUSED_VARIABLE = YES;
				IPHONEOS_DEPLOYMENT_TARGET = 16.2;
				MTL_ENABLE_DEBUG_INFO = INCLUDE_SOURCE;
				MTL_FAST_MATH = YES;
				ONLY_ACTIVE_ARCH = YES;
				SDKROOT = iphoneos;
				SWIFT_ACTIVE_COMPILATION_CONDITIONS = DEBUG;
				SWIFT_OPTIMIZATION_LEVEL = "-Onone";
			};
			name = Debug;
		};
		33CB07AB2A52D3F80089078A /* Release */ = {
			isa = XCBuildConfiguration;
			buildSettings = {
				ALWAYS_SEARCH_USER_PATHS = NO;
				CLANG_ANALYZER_NONNULL = YES;
				CLANG_ANALYZER_NUMBER_OBJECT_CONVERSION = YES_AGGRESSIVE;
				CLANG_CXX_LANGUAGE_STANDARD = "gnu++20";
				CLANG_ENABLE_MODULES = YES;
				CLANG_ENABLE_OBJC_ARC = YES;
				CLANG_ENABLE_OBJC_WEAK = YES;
				CLANG_WARN_BLOCK_CAPTURE_AUTORELEASING = YES;
				CLANG_WARN_BOOL_CONVERSION = YES;
				CLANG_WARN_COMMA = YES;
				CLANG_WARN_CONSTANT_CONVERSION = YES;
				CLANG_WARN_DEPRECATED_OBJC_IMPLEMENTATIONS = YES;
				CLANG_WARN_DIRECT_OBJC_ISA_USAGE = YES_ERROR;
				CLANG_WARN_DOCUMENTATION_COMMENTS = YES;
				CLANG_WARN_EMPTY_BODY = YES;
				CLANG_WARN_ENUM_CONVERSION = YES;
				CLANG_WARN_INFINITE_RECURSION = YES;
				CLANG_WARN_INT_CONVERSION = YES;
				CLANG_WARN_NON_LITERAL_NULL_CONVERSION = YES;
				CLANG_WARN_OBJC_IMPLICIT_RETAIN_SELF = YES;
				CLANG_WARN_OBJC_LITERAL_CONVERSION = YES;
				CLANG_WARN_OBJC_ROOT_CLASS = YES_ERROR;
				CLANG_WARN_QUOTED_INCLUDE_IN_FRAMEWORK_HEADER = YES;
				CLANG_WARN_RANGE_LOOP_ANALYSIS = YES;
				CLANG_WARN_STRICT_PROTOTYPES = YES;
				CLANG_WARN_SUSPICIOUS_MOVE = YES;
				CLANG_WARN_UNGUARDED_AVAILABILITY = YES_AGGRESSIVE;
				CLANG_WARN_UNREACHABLE_CODE = YES;
				CLANG_WARN__DUPLICATE_METHOD_MATCH = YES;
				COPY_PHASE_STRIP = NO;
				DEBUG_INFORMATION_FORMAT = "dwarf-with-dsym";
				ENABLE_NS_ASSERTIONS = NO;
				ENABLE_STRICT_OBJC_MSGSEND = YES;
				GCC_C_LANGUAGE_STANDARD = gnu11;
				GCC_NO_COMMON_BLOCKS = YES;
				GCC_WARN_64_TO_32_BIT_CONVERSION = YES;
				GCC_WARN_ABOUT_RETURN_TYPE = YES_ERROR;
				GCC_WARN_UNDECLARED_SELECTOR = YES;
				GCC_WARN_UNINITIALIZED_AUTOS = YES_AGGRESSIVE;
				GCC_WARN_UNUSED_FUNCTION = YES;
				GCC_WARN_UNUSED_VARIABLE = YES;
				IPHONEOS_DEPLOYMENT_TARGET = 16.2;
				MTL_ENABLE_DEBUG_INFO = NO;
				MTL_FAST_MATH = YES;
				SDKROOT = iphoneos;
				SWIFT_COMPILATION_MODE = wholemodule;
				SWIFT_OPTIMIZATION_LEVEL = "-O";
				VALIDATE_PRODUCT = YES;
			};
			name = Release;
		};
		33CB07AD2A52D3F80089078A /* Debug */ = {
			isa = XCBuildConfiguration;
			buildSettings = {
				ASSETCATALOG_COMPILER_APPICON_NAME = AppIcon;
				ASSETCATALOG_COMPILER_GLOBAL_ACCENT_COLOR_NAME = AccentColor;
				CODE_SIGN_STYLE = Automatic;
				CURRENT_PROJECT_VERSION = 1;
				GENERATE_INFOPLIST_FILE = YES;
				INFOPLIST_FILE = FilmXpress/Info.plist;
				INFOPLIST_KEY_UIApplicationSupportsIndirectInputEvents = YES;
				INFOPLIST_KEY_UILaunchStoryboardName = LaunchScreen;
				INFOPLIST_KEY_UIMainStoryboardFile = Main;
				INFOPLIST_KEY_UISupportedInterfaceOrientations_iPad = "UIInterfaceOrientationPortrait UIInterfaceOrientationPortraitUpsideDown UIInterfaceOrientationLandscapeLeft UIInterfaceOrientationLandscapeRight";
				INFOPLIST_KEY_UISupportedInterfaceOrientations_iPhone = "UIInterfaceOrientationPortrait UIInterfaceOrientationLandscapeLeft UIInterfaceOrientationLandscapeRight";
				LD_RUNPATH_SEARCH_PATHS = (
					"$(inherited)",
					"@executable_path/Frameworks",
				);
				MARKETING_VERSION = 1.0;
				PRODUCT_BUNDLE_IDENTIFIER = myProject.foothill.com.FilmXpress;
				PRODUCT_NAME = "$(TARGET_NAME)";
				SWIFT_EMIT_LOC_STRINGS = YES;
				SWIFT_VERSION = 5.0;
				TARGETED_DEVICE_FAMILY = "1,2";
			};
			name = Debug;
		};
		33CB07AE2A52D3F80089078A /* Release */ = {
			isa = XCBuildConfiguration;
			buildSettings = {
				ASSETCATALOG_COMPILER_APPICON_NAME = AppIcon;
				ASSETCATALOG_COMPILER_GLOBAL_ACCENT_COLOR_NAME = AccentColor;
				CODE_SIGN_STYLE = Automatic;
				CURRENT_PROJECT_VERSION = 1;
				GENERATE_INFOPLIST_FILE = YES;
				INFOPLIST_FILE = FilmXpress/Info.plist;
				INFOPLIST_KEY_UIApplicationSupportsIndirectInputEvents = YES;
				INFOPLIST_KEY_UILaunchStoryboardName = LaunchScreen;
				INFOPLIST_KEY_UIMainStoryboardFile = Main;
				INFOPLIST_KEY_UISupportedInterfaceOrientations_iPad = "UIInterfaceOrientationPortrait UIInterfaceOrientationPortraitUpsideDown UIInterfaceOrientationLandscapeLeft UIInterfaceOrientationLandscapeRight";
				INFOPLIST_KEY_UISupportedInterfaceOrientations_iPhone = "UIInterfaceOrientationPortrait UIInterfaceOrientationLandscapeLeft UIInterfaceOrientationLandscapeRight";
				LD_RUNPATH_SEARCH_PATHS = (
					"$(inherited)",
					"@executable_path/Frameworks",
				);
				MARKETING_VERSION = 1.0;
				PRODUCT_BUNDLE_IDENTIFIER = myProject.foothill.com.FilmXpress;
				PRODUCT_NAME = "$(TARGET_NAME)";
				SWIFT_EMIT_LOC_STRINGS = YES;
				SWIFT_VERSION = 5.0;
				TARGETED_DEVICE_FAMILY = "1,2";
			};
			name = Release;
		};
/* End XCBuildConfiguration section */

/* Begin XCConfigurationList section */
		33CB07932A52D3F60089078A /* Build configuration list for PBXProject "FilmXpress" */ = {
			isa = XCConfigurationList;
			buildConfigurations = (
				33CB07AA2A52D3F80089078A /* Debug */,
				33CB07AB2A52D3F80089078A /* Release */,
			);
			defaultConfigurationIsVisible = 0;
			defaultConfigurationName = Release;
		};
		33CB07AC2A52D3F80089078A /* Build configuration list for PBXNativeTarget "FilmXpress" */ = {
			isa = XCConfigurationList;
			buildConfigurations = (
				33CB07AD2A52D3F80089078A /* Debug */,
				33CB07AE2A52D3F80089078A /* Release */,
			);
			defaultConfigurationIsVisible = 0;
			defaultConfigurationName = Release;
		};
/* End XCConfigurationList section */
	};
	rootObject = 33CB07902A52D3F60089078A /* Project object */;
}
